Microsoft Visual Studio Solution File, Format Version 11.00
# Visual Studio 2008

Project("{85897A2F-A74F-7C44-2252-EEA6F2C0997E}") = "DevFestBox-For-WorkShop", "Assembly-CSharp.csproj", "{20EE78A9-CA69-42E1-5141-040DFA81FDB3}"
EndProject
Global
	GlobalSection(SolutionConfigurationPlatforms) = preSolution
		Debug|Any CPU = Debug|Any CPU
		Release|Any CPU = Release|Any CPU
	EndGlobalSection
	GlobalSection(ProjectConfigurationPlatforms) = postSolution
		{20EE78A9-CA69-42E1-5141-040DFA81FDB3}.Debug|Any CPU.ActiveCfg = Debug|Any CPU
		{20EE78A9-CA69-42E1-5141-040DFA81FDB3}.Debug|Any CPU.Build.0 = Debug|Any CPU
		{20EE78A9-CA69-42E1-5141-040DFA81FDB3}.Release|Any CPU.ActiveCfg = Release|Any CPU
		{20EE78A9-CA69-42E1-5141-040DFA81FDB3}.Release|Any CPU.Build.0 = Release|Any CPU
	EndGlobalSection
	GlobalSection(SolutionProperties) = preSolution
		HideSolutionNode = FALSE
	EndGlobalSection
	GlobalSection(MonoDevelopProperties) = preSolution
		StartupItem = Assembly-CSharp.csproj
	EndGlobalSection
EndGlobal
